// !$*UTF8*$!
{
	archiveVersion = 1;
	classes = {
	};
	objectVersion = 50;
	objects = {

/* Begin PBXBuildFile section */
		A9776150268430C200ED7FDD /* AppDelegate.swift in Sources */ = {isa = PBXBuildFile; fileRef = A977614F268430C200ED7FDD /* AppDelegate.swift */; };
		A9776152268430C200ED7FDD /* SceneDelegate.swift in Sources */ = {isa = PBXBuildFile; fileRef = A9776151268430C200ED7FDD /* SceneDelegate.swift */; };
		A9776154268430C200ED7FDD /* ViewController.swift in Sources */ = {isa = PBXBuildFile; fileRef = A9776153268430C200ED7FDD /* ViewController.swift */; };
		A9776157268430C200ED7FDD /* Main.storyboard in Resources */ = {isa = PBXBuildFile; fileRef = A9776155268430C200ED7FDD /* Main.storyboard */; };
		A977615A268430C200ED7FDD /* HubiloSplitView.xcdatamodeld in Sources */ = {isa = PBXBuildFile; fileRef = A9776158268430C200ED7FDD /* HubiloSplitView.xcdatamodeld */; };
		A977615C268430C300ED7FDD /* Assets.xcassets in Resources */ = {isa = PBXBuildFile; fileRef = A977615B268430C300ED7FDD /* Assets.xcassets */; };
		A977615F268430C300ED7FDD /* LaunchScreen.storyboard in Resources */ = {isa = PBXBuildFile; fileRef = A977615D268430C300ED7FDD /* LaunchScreen.storyboard */; };
/* End PBXBuildFile section */

/* Begin PBXFileReference section */
		A977614C268430C200ED7FDD /* HubiloSplitView.app */ = {isa = PBXFileReference; explicitFileType = wrapper.application; includeInIndex = 0; path = HubiloSplitView.app; sourceTree = BUILT_PRODUCTS_DIR; };
		A977614F268430C200ED7FDD /* AppDelegate.swift */ = {isa = PBXFileReference; lastKnownFileType = sourcecode.swift; path = AppDelegate.swift; sourceTree = "<group>"; };
		A9776151268430C200ED7FDD /* SceneDelegate.swift */ = {isa = PBXFileReference; lastKnownFileType = sourcecode.swift; path = SceneDelegate.swift; sourceTree = "<group>"; };
		A9776153268430C200ED7FDD /* ViewController.swift */ = {isa = PBXFileReference; lastKnownFileType = sourcecode.swift; path = ViewController.swift; sourceTree = "<group>"; };
		A9776156268430C200ED7FDD /* Base */ = {isa = PBXFileReference; lastKnownFileType = file.storyboard; name = Base; path = Base.lproj/Main.storyboard; sourceTree = "<group>"; };
		A9776159268430C200ED7FDD /* HubiloSplitView.xcdatamodel */ = {isa = PBXFileReference; lastKnownFileType = wrapper.xcdatamodel; path = HubiloSplitView.xcdatamodel; sourceTree = "<group>"; };
		A977615B268430C300ED7FDD /* Assets.xcassets */ = {isa = PBXFileReference; lastKnownFileType = folder.assetcatalog; path = Assets.xcassets; sourceTree = "<group>"; };
		A977615E268430C300ED7FDD /* Base */ = {isa = PBXFileReference; lastKnownFileType = file.storyboard; name = Base; path = Base.lproj/LaunchScreen.storyboard; sourceTree = "<group>"; };
		A9776160268430C300ED7FDD /* Info.plist */ = {isa = PBXFileReference; lastKnownFileType = text.plist.xml; path = Info.plist; sourceTree = "<group>"; };
/* End PBXFileReference section */

/* Begin PBXFrameworksBuildPhase section */
		A9776149268430C200ED7FDD /* Frameworks */ = {
			isa = PBXFrameworksBuildPhase;
			buildActionMask = 2147483647;
			files = (
			);
			runOnlyForDeploymentPostprocessing = 0;
		};
/* End PBXFrameworksBuildPhase section */

/* Begin PBXGroup section */
		A9776143268430C200ED7FDD = {
			isa = PBXGroup;
			children = (
				A977614E268430C200ED7FDD /* HubiloSplitView */,
				A977614D268430C200ED7FDD /* Products */,
			);
			sourceTree = "<group>";
		};
		A977614D268430C200ED7FDD /* Products */ = {
			isa = PBXGroup;
			children = (
				A977614C268430C200ED7FDD /* HubiloSplitView.app */,
			);
			name = Products;
			sourceTree = "<group>";
		};
		A977614E268430C200ED7FDD /* HubiloSplitView */ = {
			isa = PBXGroup;
			children = (
				A977614F268430C200ED7FDD /* AppDelegate.swift */,
				A9776151268430C200ED7FDD /* SceneDelegate.swift */,
				A9776153268430C200ED7FDD /* ViewController.swift */,
				A9776155268430C200ED7FDD /* Main.storyboard */,
				A977615B268430C300ED7FDD /* Assets.xcassets */,
				A977615D268430C300ED7FDD /* LaunchScreen.storyboard */,
				A9776160268430C300ED7FDD /* Info.plist */,
				A9776158268430C200ED7FDD /* HubiloSplitView.xcdatamodeld */,
			);
			path = HubiloSplitView;
			sourceTree = "<group>";
		};
/* End PBXGroup section */

/* Begin PBXNativeTarget section */
		A977614B268430C200ED7FDD /* HubiloSplitView */ = {
			isa = PBXNativeTarget;
			buildConfigurationList = A9776163268430C300ED7FDD /* Build configuration list for PBXNativeTarget "HubiloSplitView" */;
			buildPhases = (
				A9776148268430C200ED7FDD /* Sources */,
				A9776149268430C200ED7FDD /* Frameworks */,
				A977614A268430C200ED7FDD /* Resources */,
			);
			buildRules = (
			);
			dependencies = (
			);
			name = HubiloSplitView;
			productName = HubiloSplitView;
			productReference = A977614C268430C200ED7FDD /* HubiloSplitView.app */;
			productType = "com.apple.product-type.application";
		};
/* End PBXNativeTarget section */

/* Begin PBXProject section */
		A9776144268430C200ED7FDD /* Project object */ = {
			isa = PBXProject;
			attributes = {
				LastSwiftUpdateCheck = 1250;
				LastUpgradeCheck = 1250;
				TargetAttributes = {
					A977614B268430C200ED7FDD = {
						CreatedOnToolsVersion = 12.5;
					};
				};
			};
			buildConfigurationList = A9776147268430C200ED7FDD /* Build configuration list for PBXProject "HubiloSplitView" */;
			compatibilityVersion = "Xcode 9.3";
			developmentRegion = en;
			hasScannedForEncodings = 0;
			knownRegions = (
				en,
				Base,
			);
			mainGroup = A9776143268430C200ED7FDD;
			productRefGroup = A977614D268430C200ED7FDD /* Products */;
			projectDirPath = "";
			projectRoot = "";
			targets = (
				A977614B268430C200ED7FDD /* HubiloSplitView */,
			);
		};
/* End PBXProject section */

/* Begin PBXResourcesBuildPhase section */
		A977614A268430C200ED7FDD /* Resources */ = {
			isa = PBXResourcesBuildPhase;
			buildActionMask = 2147483647;
			files = (
				A977615F268430C300ED7FDD /* LaunchScreen.storyboard in Resources */,
				A977615C268430C300ED7FDD /* Assets.xcassets in Resources */,
				A9776157268430C200ED7FDD /* Main.storyboard in Resources */,
			);
			runOnlyForDeploymentPostprocessing = 0;
		};
/* End PBXResourcesBuildPhase section */

/* Begin PBXSourcesBuildPhase section */
		A9776148268430C200ED7FDD /* Sources */ = {
			isa = PBXSourcesBuildPhase;
			buildActionMask = 2147483647;
			files = (
				A9776154268430C200ED7FDD /* ViewController.swift in Sources */,
				A9776150268430C200ED7FDD /* AppDelegate.swift in Sources */,
				A977615A268430C200ED7FDD /* HubiloSplitView.xcdatamodeld in Sources */,
				A9776152268430C200ED7FDD /* SceneDelegate.swift in Sources */,
			);
			runOnlyForDeploymentPostprocessing = 0;
		};
/* End PBXSourcesBuildPhase section */

/* Begin PBXVariantGroup section */
		A9776155268430C200ED7FDD /* Main.storyboard */ = {
			isa = PBXVariantGroup;
			children = (
				A9776156268430C200ED7FDD /* Base */,
			);
			name = Main.storyboard;
			sourceTree = "<group>";
		};
		A977615D268430C300ED7FDD /* LaunchScreen.storyboard */ = {
			isa = PBXVariantGroup;
			children = (
				A977615E268430C300ED7FDD /* Base */,
			);
			name = LaunchScreen.storyboard;
			sourceTree = "<group>";
		};
/* End PBXVariantGroup section */

/* Begin XCBuildConfiguration section */
		A9776161268430C300ED7FDD /* Debug */ = {
			isa = XCBuildConfiguration;
			buildSettings = {
				ALWAYS_SEARCH_USER_PATHS = NO;
				CLANG_ANALYZER_NONNULL = YES;
				CLANG_ANALYZER_NUMBER_OBJECT_CONVERSION = YES_AGGRESSIVE;
				CLANG_CXX_LANGUAGE_STANDARD = "gnu++14";
				CLANG_CXX_LIBRARY = "libc++";
				CLANG_ENABLE_MODULES = YES;
				CLANG_ENABLE_OBJC_ARC = YES;
				CLANG_ENABLE_OBJC_WEAK = YES;
				CLANG_WARN_BLOCK_CAPTURE_AUTORELEASING = YES;
				CLANG_WARN_BOOL_CONVERSION = YES;
				CLANG_WARN_COMMA = YES;
				CLANG_WARN_CONSTANT_CONVERSION = YES;
				CLANG_WARN_DEPRECATED_OBJC_IMPLEMENTATIONS = YES;
				CLANG_WARN_DIRECT_OBJC_ISA_USAGE = YES_ERROR;
				CLANG_WARN_DOCUMENTATION_COMMENTS = YES;
				CLANG_WARN_EMPTY_BODY = YES;
				CLANG_WARN_ENUM_CONVERSION = YES;
				CLANG_WARN_INFINITE_RECURSION = YES;
				CLANG_WARN_INT_CONVERSION = YES;
				CLANG_WARN_NON_LITERAL_NULL_CONVERSION = YES;
				CLANG_WARN_OBJC_IMPLICIT_RETAIN_SELF = YES;
				CLANG_WARN_OBJC_LITERAL_CONVERSION = YES;
				CLANG_WARN_OBJC_ROOT_CLASS = YES_ERROR;
				CLANG_WARN_QUOTED_INCLUDE_IN_FRAMEWORK_HEADER = YES;
				CLANG_WARN_RANGE_LOOP_ANALYSIS = YES;
				CLANG_WARN_STRICT_PROTOTYPES = YES;
				CLANG_WARN_SUSPICIOUS_MOVE = YES;
				CLANG_WARN_UNGUARDED_AVAILABILITY = YES_AGGRESSIVE;
				CLANG_WARN_UNREACHABLE_CODE = YES;
				CLANG_WARN__DUPLICATE_METHOD_MATCH = YES;
				COPY_PHASE_STRIP = NO;
				DEBUG_INFORMATION_FORMAT = dwarf;
				ENABLE_STRICT_OBJC_MSGSEND = YES;
				ENABLE_TESTABILITY = YES;
				GCC_C_LANGUAGE_STANDARD = gnu11;
				GCC_DYNAMIC_NO_PIC = NO;
				GCC_NO_COMMON_BLOCKS = YES;
				GCC_OPTIMIZATION_LEVEL = 0;
				GCC_PREPROCESSOR_DEFINITIONS = (
					"DEBUG=1",
					"$(inherited)",
				);
				GCC_WARN_64_TO_32_BIT_CONVERSION = YES;
				GCC_WARN_ABOUT_RETURN_TYPE = YES_ERROR;
				GCC_WARN_UNDECLARED_SELECTOR = YES;
				GCC_WARN_UNINITIALIZED_AUTOS = YES_AGGRESSIVE;
				GCC_WARN_UNUSED_FUNCTION = YES;
				GCC_WARN_UNUSED_VARIABLE = YES;
				IPHONEOS_DEPLOYMENT_TARGET = 14.5;
				MTL_ENABLE_DEBUG_INFO = INCLUDE_SOURCE;
				MTL_FAST_MATH = YES;
				ONLY_ACTIVE_ARCH = YES;
				SDKROOT = iphoneos;
				SWIFT_ACTIVE_COMPILATION_CONDITIONS = DEBUG;
				SWIFT_OPTIMIZATION_LEVEL = "-Onone";
			};
			name = Debug;
		};
		A9776162268430C300ED7FDD /* Release */ = {
			isa = XCBuildConfiguration;
			buildSettings = {
				ALWAYS_SEARCH_USER_PATHS = NO;
				CLANG_ANALYZER_NONNULL = YES;
				CLANG_ANALYZER_NUMBER_OBJECT_CONVERSION = YES_AGGRESSIVE;
				CLANG_CXX_LANGUAGE_STANDARD = "gnu++14";
				CLANG_CXX_LIBRARY = "libc++";
				CLANG_ENABLE_MODULES = YES;
				CLANG_ENABLE_OBJC_ARC = YES;
				CLANG_ENABLE_OBJC_WEAK = YES;
				CLANG_WARN_BLOCK_CAPTURE_AUTORELEASING = YES;
				CLANG_WARN_BOOL_CONVERSION = YES;
				CLANG_WARN_COMMA = YES;
				CLANG_WARN_CONSTANT_CONVERSION = YES;
				CLANG_WARN_DEPRECATED_OBJC_IMPLEMENTATIONS = YES;
				CLANG_WARN_DIRECT_OBJC_ISA_USAGE = YES_ERROR;
				CLANG_WARN_DOCUMENTATION_COMMENTS = YES;
				CLANG_WARN_EMPTY_BODY = YES;
				CLANG_WARN_ENUM_CONVERSION = YES;
				CLANG_WARN_INFINITE_RECURSION = YES;
				CLANG_WARN_INT_CONVERSION = YES;
				CLANG_WARN_NON_LITERAL_NULL_CONVERSION = YES;
				CLANG_WARN_OBJC_IMPLICIT_RETAIN_SELF = YES;
				CLANG_WARN_OBJC_LITERAL_CONVERSION = YES;
				CLANG_WARN_OBJC_ROOT_CLASS = YES_ERROR;
				CLANG_WARN_QUOTED_INCLUDE_IN_FRAMEWORK_HEADER = YES;
				CLANG_WARN_RANGE_LOOP_ANALYSIS = YES;
				CLANG_WARN_STRICT_PROTOTYPES = YES;
				CLANG_WARN_SUSPICIOUS_MOVE = YES;
				CLANG_WARN_UNGUARDED_AVAILABILITY = YES_AGGRESSIVE;
				CLANG_WARN_UNREACHABLE_CODE = YES;
				CLANG_WARN__DUPLICATE_METHOD_MATCH = YES;
				COPY_PHASE_STRIP = NO;
				DEBUG_INFORMATION_FORMAT = "dwarf-with-dsym";
				ENABLE_NS_ASSERTIONS = NO;
				ENABLE_STRICT_OBJC_MSGSEND = YES;
				GCC_C_LANGUAGE_STANDARD = gnu11;
				GCC_NO_COMMON_BLOCKS = YES;
				GCC_WARN_64_TO_32_BIT_CONVERSION = YES;
				GCC_WARN_ABOUT_RETURN_TYPE = YES_ERROR;
				GCC_WARN_UNDECLARED_SELECTOR = YES;
				GCC_WARN_UNINITIALIZED_AUTOS = YES_AGGRESSIVE;
				GCC_WARN_UNUSED_FUNCTION = YES;
				GCC_WARN_UNUSED_VARIABLE = YES;
				IPHONEOS_DEPLOYMENT_TARGET = 14.5;
				MTL_ENABLE_DEBUG_INFO = NO;
				MTL_FAST_MATH = YES;
				SDKROOT = iphoneos;
				SWIFT_COMPILATION_MODE = wholemodule;
				SWIFT_OPTIMIZATION_LEVEL = "-O";
				VALIDATE_PRODUCT = YES;
			};
			name = Release;
		};
		A9776164268430C300ED7FDD /* Debug */ = {
			isa = XCBuildConfiguration;
			buildSettings = {
				ASSETCATALOG_COMPILER_APPICON_NAME = AppIcon;
				ASSETCATALOG_COMPILER_GLOBAL_ACCENT_COLOR_NAME = AccentColor;
				CODE_SIGN_STYLE = Automatic;
				INFOPLIST_FILE = HubiloSplitView/Info.plist;
				LD_RUNPATH_SEARCH_PATHS = (
					"$(inherited)",
					"@executable_path/Frameworks",
				);
				PRODUCT_BUNDLE_IDENTIFIER = Vijay.HubiloSplitView;
				PRODUCT_NAME = "$(TARGET_NAME)";
				SWIFT_VERSION = 5.0;
				TARGETED_DEVICE_FAMILY = "1,2";
			};
			name = Debug;
		};
		A9776165268430C300ED7FDD /* Release */ = {
			isa = XCBuildConfiguration;
			buildSettings = {
				ASSETCATALOG_COMPILER_APPICON_NAME = AppIcon;
				ASSETCATALOG_COMPILER_GLOBAL_ACCENT_COLOR_NAME = AccentColor;
				CODE_SIGN_STYLE = Automatic;
				INFOPLIST_FILE = HubiloSplitView/Info.plist;
				LD_RUNPATH_SEARCH_PATHS = (
					"$(inherited)",
					"@executable_path/Frameworks",
				);
				PRODUCT_BUNDLE_IDENTIFIER = Vijay.HubiloSplitView;
				PRODUCT_NAME = "$(TARGET_NAME)";
				SWIFT_VERSION = 5.0;
				TARGETED_DEVICE_FAMILY = "1,2";
			};
			name = Release;
		};
/* End XCBuildConfiguration section */

/* Begin XCConfigurationList section */
		A9776147268430C200ED7FDD /* Build configuration list for PBXProject "HubiloSplitView" */ = {
			isa = XCConfigurationList;
			buildConfigurations = (
				A9776161268430C300ED7FDD /* Debug */,
				A9776162268430C300ED7FDD /* Release */,
			);
			defaultConfigurationIsVisible = 0;
			defaultConfigurationName = Release;
		};
		A9776163268430C300ED7FDD /* Build configuration list for PBXNativeTarget "HubiloSplitView" */ = {
			isa = XCConfigurationList;
			buildConfigurations = (
				A9776164268430C300ED7FDD /* Debug */,
				A9776165268430C300ED7FDD /* Release */,
			);
			defaultConfigurationIsVisible = 0;
			defaultConfigurationName = Release;
		};
/* End XCConfigurationList section */

/* Begin XCVersionGroup section */
		A9776158268430C200ED7FDD /* HubiloSplitView.xcdatamodeld */ = {
			isa = XCVersionGroup;
			children = (
				A9776159268430C200ED7FDD /* HubiloSplitView.xcdatamodel */,
			);
			currentVersion = A9776159268430C200ED7FDD /* HubiloSplitView.xcdatamodel */;
			path = HubiloSplitView.xcdatamodeld;
			sourceTree = "<group>";
			versionGroupType = wrapper.xcdatamodel;
		};
/* End XCVersionGroup section */
	};
	rootObject = A9776144268430C200ED7FDD /* Project object */;
}
